
Microsoft Visual Studio Solution File, Format Version 12.00
# Visual Studio Version 17
VisualStudioVersion = 17.2.32519.379
MinimumVisualStudioVersion = 10.0.40219.1
Project("{FAE04EC0-301F-11D3-BF4B-00C04F79EFBC}") = "Core", "Core\Core.csproj", "{B54318AA-6CA6-43DE-9F53-C7C2BE0CB878}"
EndProject
Project("{FAE04EC0-301F-11D3-BF4B-00C04F79EFBC}") = "Northwind.Entities", "Northwind.Entities\Northwind.Entities.csproj", "{B2245744-FD7E-4277-94ED-0A69C08D487B}"
EndProject
Project("{FAE04EC0-301F-11D3-BF4B-00C04F79EFBC}") = "Northwind.DataAccess", "Northwind.DataAccess\Northwind.DataAccess.csproj", "{156E3B91-7655-4E71-B6A1-1C78CE2FAF60}"
EndProject
Project("{FAE04EC0-301F-11D3-BF4B-00C04F79EFBC}") = "Northwind.Business", "Northwind.Business\Northwind.Business.csproj", "{CA41CF2F-CCB2-4E48-843B-422ACD091CE2}"
EndProject
Project("{FAE04EC0-301F-11D3-BF4B-00C04F79EFBC}") = "NorthwindMvc.WebUI", "NorthwindMvc.WebUI\NorthwindMvc.WebUI.csproj", "{DF95E55E-7653-4CBE-BDCA-1C4D3B02D71A}"
EndProject
Global
	GlobalSection(SolutionConfigurationPlatforms) = preSolution
		Debug|Any CPU = Debug|Any CPU
		Release|Any CPU = Release|Any CPU
	EndGlobalSection
	GlobalSection(ProjectConfigurationPlatforms) = postSolution
		{B54318AA-6CA6-43DE-9F53-C7C2BE0CB878}.Debug|Any CPU.ActiveCfg = Debug|Any CPU
		{B54318AA-6CA6-43DE-9F53-C7C2BE0CB878}.Debug|Any CPU.Build.0 = Debug|Any CPU
		{B54318AA-6CA6-43DE-9F53-C7C2BE0CB878}.Release|Any CPU.ActiveCfg = Release|Any CPU
		{B54318AA-6CA6-43DE-9F53-C7C2BE0CB878}.Release|Any CPU.Build.0 = Release|Any CPU
		{B2245744-FD7E-4277-94ED-0A69C08D487B}.Debug|Any CPU.ActiveCfg = Debug|Any CPU
		{B2245744-FD7E-4277-94ED-0A69C08D487B}.Debug|Any CPU.Build.0 = Debug|Any CPU
		{B2245744-FD7E-4277-94ED-0A69C08D487B}.Release|Any CPU.ActiveCfg = Release|Any CPU
		{B2245744-FD7E-4277-94ED-0A69C08D487B}.Release|Any CPU.Build.0 = Release|Any CPU
		{156E3B91-7655-4E71-B6A1-1C78CE2FAF60}.Debug|Any CPU.ActiveCfg = Debug|Any CPU
		{156E3B91-7655-4E71-B6A1-1C78CE2FAF60}.Debug|Any CPU.Build.0 = Debug|Any CPU
		{156E3B91-7655-4E71-B6A1-1C78CE2FAF60}.Release|Any CPU.ActiveCfg = Release|Any CPU
		{156E3B91-7655-4E71-B6A1-1C78CE2FAF60}.Release|Any CPU.Build.0 = Release|Any CPU
		{CA41CF2F-CCB2-4E48-843B-422ACD091CE2}.Debug|Any CPU.ActiveCfg = Debug|Any CPU
		{CA41CF2F-CCB2-4E48-843B-422ACD091CE2}.Debug|Any CPU.Build.0 = Debug|Any CPU
		{CA41CF2F-CCB2-4E48-843B-422ACD091CE2}.Release|Any CPU.ActiveCfg = Release|Any CPU
		{CA41CF2F-CCB2-4E48-843B-422ACD091CE2}.Release|Any CPU.Build.0 = Release|Any CPU
		{DF95E55E-7653-4CBE-BDCA-1C4D3B02D71A}.Debug|Any CPU.ActiveCfg = Debug|Any CPU
		{DF95E55E-7653-4CBE-BDCA-1C4D3B02D71A}.Debug|Any CPU.Build.0 = Debug|Any CPU
		{DF95E55E-7653-4CBE-BDCA-1C4D3B02D71A}.Release|Any CPU.ActiveCfg = Release|Any CPU
		{DF95E55E-7653-4CBE-BDCA-1C4D3B02D71A}.Release|Any CPU.Build.0 = Release|Any CPU
	EndGlobalSection
	GlobalSection(SolutionProperties) = preSolution
		HideSolutionNode = FALSE
	EndGlobalSection
	GlobalSection(ExtensibilityGlobals) = postSolution
		SolutionGuid = {668E035B-5422-46DA-BDFD-B87ED23A1416}
	EndGlobalSection
EndGlobal
